
Microsoft Visual Studio Solution File, Format Version 12.00
# Visual Studio 15
VisualStudioVersion = 15.0.27703.2042
MinimumVisualStudioVersion = 10.0.40219.1
Project("{FAE04EC0-301F-11D3-BF4B-00C04F79EFBC}") = "JordonvanLeenen_CodeFiles", "JordonvanLeenen_CodeFiles\JordonvanLeenen_CodeFiles.csproj", "{27F152AB-0AA5-44D3-B543-157D1D90D10C}"
EndProject
Global
	GlobalSection(SolutionConfigurationPlatforms) = preSolution
		Debug|Any CPU = Debug|Any CPU
		Release|Any CPU = Release|Any CPU
	EndGlobalSection
	GlobalSection(ProjectConfigurationPlatforms) = postSolution
		{27F152AB-0AA5-44D3-B543-157D1D90D10C}.Debug|Any CPU.ActiveCfg = Debug|Any CPU
		{27F152AB-0AA5-44D3-B543-157D1D90D10C}.Debug|Any CPU.Build.0 = Debug|Any CPU
		{27F152AB-0AA5-44D3-B543-157D1D90D10C}.Release|Any CPU.ActiveCfg = Release|Any CPU
		{27F152AB-0AA5-44D3-B543-157D1D90D10C}.Release|Any CPU.Build.0 = Release|Any CPU
	EndGlobalSection
	GlobalSection(SolutionProperties) = preSolution
		HideSolutionNode = FALSE
	EndGlobalSection
	GlobalSection(ExtensibilityGlobals) = postSolution
		SolutionGuid = {2E18EBCE-C50D-405E-A193-2315286C389B}
	EndGlobalSection
EndGlobal
