
Microsoft Visual Studio Solution File, Format Version 12.00
# Visual Studio 15
VisualStudioVersion = 15.0.27703.2042
MinimumVisualStudioVersion = 10.0.40219.1
Project("{FAE04EC0-301F-11D3-BF4B-00C04F79EFBC}") = "FinalProject", "FinalProject\FinalProject.csproj", "{D166F151-9420-4CA0-A07E-20F1A091B6BE}"
EndProject
Global
	GlobalSection(SolutionConfigurationPlatforms) = preSolution
		Debug|Any CPU = Debug|Any CPU
		Release|Any CPU = Release|Any CPU
	EndGlobalSection
	GlobalSection(ProjectConfigurationPlatforms) = postSolution
		{D166F151-9420-4CA0-A07E-20F1A091B6BE}.Debug|Any CPU.ActiveCfg = Debug|Any CPU
		{D166F151-9420-4CA0-A07E-20F1A091B6BE}.Debug|Any CPU.Build.0 = Debug|Any CPU
		{D166F151-9420-4CA0-A07E-20F1A091B6BE}.Release|Any CPU.ActiveCfg = Release|Any CPU
		{D166F151-9420-4CA0-A07E-20F1A091B6BE}.Release|Any CPU.Build.0 = Release|Any CPU
	EndGlobalSection
	GlobalSection(SolutionProperties) = preSolution
		HideSolutionNode = FALSE
	EndGlobalSection
	GlobalSection(ExtensibilityGlobals) = postSolution
		SolutionGuid = {55D1B5CB-1CEF-48C0-8584-67F93AFDB2C4}
	EndGlobalSection
EndGlobal
